
Microsoft Visual Studio Solution File, Format Version 12.00
# Visual Studio Version 17
VisualStudioVersion = 17.0.31423.177
MinimumVisualStudioVersion = 10.0.40219.1
Project("{9A19103F-16F7-4668-BE54-9A1E7A4F7556}") = "Paia.CliTest", "tests\Paia.CliTest\Paia.CliTest.csproj", "{010BEB7B-EA4A-4568-B60A-92A5D730F02F}"
EndProject
Project("{9A19103F-16F7-4668-BE54-9A1E7A4F7556}") = "Paia", "src\Paia\Paia.csproj", "{C4717106-17D7-49AE-8BE4-2DC99D13A337}"
EndProject
Project("{2150E333-8FDC-42A3-9474-1A3956D46DE8}") = "Tests", "Tests", "{1C7D8D33-6BB8-414B-A431-8157C61A5777}"
EndProject
Global
	GlobalSection(SolutionConfigurationPlatforms) = preSolution
		Debug|Any CPU = Debug|Any CPU
		Release|Any CPU = Release|Any CPU
	EndGlobalSection
	GlobalSection(ProjectConfigurationPlatforms) = postSolution
		{010BEB7B-EA4A-4568-B60A-92A5D730F02F}.Debug|Any CPU.ActiveCfg = Debug|Any CPU
		{010BEB7B-EA4A-4568-B60A-92A5D730F02F}.Debug|Any CPU.Build.0 = Debug|Any CPU
		{010BEB7B-EA4A-4568-B60A-92A5D730F02F}.Release|Any CPU.ActiveCfg = Release|Any CPU
		{010BEB7B-EA4A-4568-B60A-92A5D730F02F}.Release|Any CPU.Build.0 = Release|Any CPU
		{C4717106-17D7-49AE-8BE4-2DC99D13A337}.Debug|Any CPU.ActiveCfg = Debug|Any CPU
		{C4717106-17D7-49AE-8BE4-2DC99D13A337}.Debug|Any CPU.Build.0 = Debug|Any CPU
		{C4717106-17D7-49AE-8BE4-2DC99D13A337}.Release|Any CPU.ActiveCfg = Release|Any CPU
		{C4717106-17D7-49AE-8BE4-2DC99D13A337}.Release|Any CPU.Build.0 = Release|Any CPU
	EndGlobalSection
	GlobalSection(SolutionProperties) = preSolution
		HideSolutionNode = FALSE
	EndGlobalSection
	GlobalSection(NestedProjects) = preSolution
		{010BEB7B-EA4A-4568-B60A-92A5D730F02F} = {1C7D8D33-6BB8-414B-A431-8157C61A5777}
	EndGlobalSection
	GlobalSection(ExtensibilityGlobals) = postSolution
		SolutionGuid = {FF7760D3-D0DA-449C-BBEA-7DF2024186DE}
	EndGlobalSection
EndGlobal
